{
  "nodes": {
    "flakeNimbleLib": {
      "inputs": {
        "nixpkgs": [
          "nixpkgs"
        ]
      },
      "locked": {
        "lastModified": 1662018438,
        "narHash": "sha256-QtNtU6+LX3Wokxf0zlFwKTFOcn6TeDjKQZ+DA9OYtvM=",
        "owner": "riinr",
        "repo": "nim-flakes-lib",
        "rev": "b1fe8340736e3a85d25c709ac3dfd82a55c03cbf",
        "type": "github"
      },
      "original": {
        "owner": "riinr",
        "ref": "master",
        "repo": "nim-flakes-lib",
        "type": "github"
      }
    },
    "flatdb-master": {
      "inputs": {
        "flakeNimbleLib": [
          "flakeNimbleLib"
        ],
        "nixpkgs": [
          "nixpkgs"
        ],
        "src-flatdb-master": "src-flatdb-master"
      },
      "locked": {
        "dir": "master",
        "lastModified": 1662254468,
        "narHash": "sha256-gO/kDdcYA3OYwKdcGzD6Upd616nLLmG9B2dVs6HvYe0=",
        "owner": "nim-nix-pkgs",
        "repo": "flatdb",
        "rev": "47f309597f033332185b5831de7b1129611d8580",
        "type": "github"
      },
      "original": {
        "dir": "master",
        "owner": "nim-nix-pkgs",
        "ref": "master",
        "repo": "flatdb",
        "type": "github"
      }
    },
    "nixpkgs": {
      "locked": {
        "lastModified": 1667110639,
        "narHash": "sha256-4FbPESZ5LbqQxkJJJBAfk/zKgF9h/4kyUwjjpJwYlbc=",
        "owner": "NixOS",
        "repo": "nixpkgs",
        "rev": "f38a1f04d1bec1feb61fd101a0539ae2002a7087",
        "type": "github"
      },
      "original": {
        "id": "nixpkgs",
        "type": "indirect"
      }
    },
    "root": {
      "inputs": {
        "flakeNimbleLib": "flakeNimbleLib",
        "flatdb-master": "flatdb-master",
        "nixpkgs": "nixpkgs"
      }
    },
    "src-flatdb-master": {
      "flake": false,
      "locked": {
        "lastModified": 1601712429,
        "narHash": "sha256-6Efg6Due0fGO5Xzgv3jjCX8TELwDPxSnYZ/PnCJ6aS8=",
        "owner": "enthus1ast",
        "repo": "flatdb",
        "rev": "8c474d101f4d926e1e3a0acde67986f7f7d16307",
        "type": "github"
      },
      "original": {
        "owner": "enthus1ast",
        "ref": "refs/heads/master",
        "repo": "flatdb",
        "type": "github"
      }
    }
  },
  "root": "root",
  "version": 7
}
